
Microsoft Visual Studio Solution File, Format Version 12.00
# Visual Studio Version 16
VisualStudioVersion = 16.0.31729.503
MinimumVisualStudioVersion = 10.0.40219.1
Project("{FAE04EC0-301F-11D3-BF4B-00C04F79EFBC}") = "CSC240-10-04-ViewInvoices-bpc", "CSC240-10-04-ViewInvoices-bpc.csproj", "{8882E0BD-AAB9-43D9-B95B-DF38D574EDD8}"
EndProject
Global
	GlobalSection(SolutionConfigurationPlatforms) = preSolution
		Debug|Any CPU = Debug|Any CPU
		Release|Any CPU = Release|Any CPU
	EndGlobalSection
	GlobalSection(ProjectConfigurationPlatforms) = postSolution
		{8882E0BD-AAB9-43D9-B95B-DF38D574EDD8}.Debug|Any CPU.ActiveCfg = Debug|Any CPU
		{8882E0BD-AAB9-43D9-B95B-DF38D574EDD8}.Debug|Any CPU.Build.0 = Debug|Any CPU
		{8882E0BD-AAB9-43D9-B95B-DF38D574EDD8}.Release|Any CPU.ActiveCfg = Release|Any CPU
		{8882E0BD-AAB9-43D9-B95B-DF38D574EDD8}.Release|Any CPU.Build.0 = Release|Any CPU
	EndGlobalSection
	GlobalSection(SolutionProperties) = preSolution
		HideSolutionNode = FALSE
	EndGlobalSection
	GlobalSection(ExtensibilityGlobals) = postSolution
		SolutionGuid = {B8005BA6-0FF4-418B-A000-5AC72A3B8772}
	EndGlobalSection
EndGlobal
